
Microsoft Visual Studio Solution File, Format Version 12.00
Project("{FAE04EC0-301F-11D3-BF4B-00C04F79EFBC}") = "GraphDoc", "GraphDoc\GraphDoc.csproj", "{22628D9A-76F8-449F-9FC9-842620A545E0}"
EndProject
Project("{FAE04EC0-301F-11D3-BF4B-00C04F79EFBC}") = "GraphDoc.Test", "GraphDoc.Test\GraphDoc.Test.csproj", "{55B2F136-FCFB-48D0-A316-6877F690C3E1}"
EndProject
Global
	GlobalSection(SolutionConfigurationPlatforms) = preSolution
		Debug|Any CPU = Debug|Any CPU
		Release|Any CPU = Release|Any CPU
	EndGlobalSection
	GlobalSection(ProjectConfigurationPlatforms) = postSolution
		{22628D9A-76F8-449F-9FC9-842620A545E0}.Debug|Any CPU.ActiveCfg = Debug|Any CPU
		{22628D9A-76F8-449F-9FC9-842620A545E0}.Debug|Any CPU.Build.0 = Debug|Any CPU
		{22628D9A-76F8-449F-9FC9-842620A545E0}.Release|Any CPU.ActiveCfg = Release|Any CPU
		{22628D9A-76F8-449F-9FC9-842620A545E0}.Release|Any CPU.Build.0 = Release|Any CPU
		{55B2F136-FCFB-48D0-A316-6877F690C3E1}.Debug|Any CPU.ActiveCfg = Debug|Any CPU
		{55B2F136-FCFB-48D0-A316-6877F690C3E1}.Debug|Any CPU.Build.0 = Debug|Any CPU
		{55B2F136-FCFB-48D0-A316-6877F690C3E1}.Release|Any CPU.ActiveCfg = Release|Any CPU
		{55B2F136-FCFB-48D0-A316-6877F690C3E1}.Release|Any CPU.Build.0 = Release|Any CPU
	EndGlobalSection
EndGlobal
